
Microsoft Visual Studio Solution File, Format Version 12.00
# Visual Studio Version 16
VisualStudioVersion = 16.0.29209.62
MinimumVisualStudioVersion = 10.0.40219.1
Project("{FAE04EC0-301F-11D3-BF4B-00C04F79EFBC}") = "Laboratorio3-ejercicio2", "Clase2Aire\Laboratorio3-ejercicio2.csproj", "{AEBB77EB-15AA-49FB-833A-1BCBE7EDDF0A}"
EndProject
Global
	GlobalSection(SolutionConfigurationPlatforms) = preSolution
		Debug|Any CPU = Debug|Any CPU
		Release|Any CPU = Release|Any CPU
	EndGlobalSection
	GlobalSection(ProjectConfigurationPlatforms) = postSolution
		{AEBB77EB-15AA-49FB-833A-1BCBE7EDDF0A}.Debug|Any CPU.ActiveCfg = Debug|Any CPU
		{AEBB77EB-15AA-49FB-833A-1BCBE7EDDF0A}.Debug|Any CPU.Build.0 = Debug|Any CPU
		{AEBB77EB-15AA-49FB-833A-1BCBE7EDDF0A}.Release|Any CPU.ActiveCfg = Release|Any CPU
		{AEBB77EB-15AA-49FB-833A-1BCBE7EDDF0A}.Release|Any CPU.Build.0 = Release|Any CPU
	EndGlobalSection
	GlobalSection(SolutionProperties) = preSolution
		HideSolutionNode = FALSE
	EndGlobalSection
	GlobalSection(ExtensibilityGlobals) = postSolution
		SolutionGuid = {BA3BBE36-5DA4-4335-B43E-0D5352D609F9}
	EndGlobalSection
EndGlobal
